PODS:
  - AFNetworking (3.2.0):
    - AFNetworking/NSURLSession (= 3.2.0)
    - AFNetworking/Reachability (= 3.2.0)
    - AFNetworking/Security (= 3.2.0)
    - AFNetworking/Serialization (= 3.2.0)
    - AFNetworking/UIKit (= 3.2.0)
  - AFNetworking/NSURLSession (3.2.0):
    - AFNetworking/Reachability
    - AFNetworking/Security
    - AFNetworking/Serialization
  - AFNetworking/Reachability (3.2.0)
  - AFNetworking/Security (3.2.0)
  - AFNetworking/Serialization (3.2.0)
  - AFNetworking/UIKit (3.2.0):
    - AFNetworking/NSURLSession
  - CRToast (0.0.9)
  - IQKeyboardManager (5.0.7)
  - JSONModel (1.7.0)
  - MBProgressHUD (0.9.2)
  - VzaarSwift (1.0.4)

DEPENDENCIES:
  - AFNetworking (~> 3.0)
  - CRToast (~> 0.0.7)
  - IQKeyboardManager
  - JSONModel
  - MBProgressHUD (~> 0.9)
  - VzaarSwift

SPEC CHECKSUMS:
  AFNetworking: 8ac6017b94ea105479f7776e5288e48ae9c59bb4
  CRToast: 5a78c22b921c5ed3487488af605bc403a9c92fed
  IQKeyboardManager: 0bfa4607d39924116b5c0c8b55b5d789288b5cba
  JSONModel: 840bc0fcffb24b8454d2c026bf26fea454b8e98d
  MBProgressHUD: 1569cf7ace17a8bac47aabfbb8580a49690386d1
  VzaarSwift: 145bbc4614cc01201e218a0323b69290e3e0c2a1

PODFILE CHECKSUM: 7275624ed0416176e16cd4ba70c73b5d46407629

COCOAPODS: 1.2.0
